{
    "name": "ffmpeg-any",
    "version": "0.0.1",
    "lockfileVersion": 2,
    "requires": true,
    "packages": {
        "": {
            "name": "ffmpeg-any",
            "version": "0.0.1",
            "dependencies": {
                "chalk": "^5.2.0",
                "minimist": "^1.2.7"
            },
            "bin": {
                "ffmpeg-any": "ffmpeg-any.js"
            }
        },
        "node_modules/chalk": {
            "version": "5.2.0",
            "resolved": "https://registry.npmjs.org/chalk/-/chalk-5.2.0.tgz",
            "integrity": "sha512-ree3Gqw/nazQAPuJJEy+avdl7QfZMcUvmHIKgEZkGL+xOBzRvup5Hxo6LHuMceSxOabuJLJm5Yp/92R9eMmMvA==",
            "engines": {
                "node": "^12.17.0 || ^14.13 || >=16.0.0"
            },
            "funding": {
                "url": "https://github.com/chalk/chalk?sponsor=1"
            }
        },
        "node_modules/minimist": {
            "version": "1.2.7",
            "resolved": "https://registry.npmjs.org/minimist/-/minimist-1.2.7.tgz",
            "integrity": "sha512-bzfL1YUZsP41gmu/qjrEk0Q6i2ix/cVeAhbCbqH9u3zYutS1cLg00qhrD0M2MVdCcx4Sc0UpP2eBWo9rotpq6g==",
            "funding": {
                "url": "https://github.com/sponsors/ljharb"
            }
        }
    },
    "dependencies": {
        "chalk": {
            "version": "5.2.0",
            "resolved": "https://registry.npmjs.org/chalk/-/chalk-5.2.0.tgz",
            "integrity": "sha512-ree3Gqw/nazQAPuJJEy+avdl7QfZMcUvmHIKgEZkGL+xOBzRvup5Hxo6LHuMceSxOabuJLJm5Yp/92R9eMmMvA=="
        },
        "minimist": {
            "version": "1.2.7",
            "resolved": "https://registry.npmjs.org/minimist/-/minimist-1.2.7.tgz",
            "integrity": "sha512-bzfL1YUZsP41gmu/qjrEk0Q6i2ix/cVeAhbCbqH9u3zYutS1cLg00qhrD0M2MVdCcx4Sc0UpP2eBWo9rotpq6g=="
        }
    }
}
